// !$*UTF8*$!
{
	archiveVersion = 1;
	classes = {
	};
	objectVersion = 46;
	objects = {

/* Begin PBXBuildFile section */
		1DEE1EBE1991526B0022B289 /* keyzio_api.h in Headers */ = {isa = PBXBuildFile; fileRef = 1DEE1EBD1991526B0022B289 /* keyzio_api.h */; };
		1DEE1EC0199152800022B289 /* keyzio_api.c in Sources */ = {isa = PBXBuildFile; fileRef = 1DEE1EBF199152800022B289 /* keyzio_api.c */; };
/* End PBXBuildFile section */

/* Begin PBXFileReference section */
		1DEE1EB61991520E0022B289 /* libkeyziolib.dylib */ = {isa = PBXFileReference; explicitFileType = "compiled.mach-o.dylib"; includeInIndex = 0; path = libkeyziolib.dylib; sourceTree = BUILT_PRODUCTS_DIR; };
		1DEE1EBD1991526B0022B289 /* keyzio_api.h */ = {isa = PBXFileReference; fileEncoding = 4; lastKnownFileType = sourcecode.c.h; path = keyzio_api.h; sourceTree = "<group>"; };
		1DEE1EBF199152800022B289 /* keyzio_api.c */ = {isa = PBXFileReference; fileEncoding = 4; lastKnownFileType = sourcecode.c.c; path = keyzio_api.c; sourceTree = "<group>"; };
/* End PBXFileReference section */

/* Begin PBXFrameworksBuildPhase section */
		1DEE1EB31991520E0022B289 /* Frameworks */ = {
			isa = PBXFrameworksBuildPhase;
			buildActionMask = 2147483647;
			files = (
			);
			runOnlyForDeploymentPostprocessing = 0;
		};
/* End PBXFrameworksBuildPhase section */

/* Begin PBXGroup section */
		1DEE1EAD1991520E0022B289 = {
			isa = PBXGroup;
			children = (
				1DEE1EBF199152800022B289 /* keyzio_api.c */,
				1DEE1EBD1991526B0022B289 /* keyzio_api.h */,
				1DEE1EB71991520E0022B289 /* Products */,
			);
			sourceTree = "<group>";
		};
		1DEE1EB71991520E0022B289 /* Products */ = {
			isa = PBXGroup;
			children = (
				1DEE1EB61991520E0022B289 /* libkeyziolib.dylib */,
			);
			name = Products;
			sourceTree = "<group>";
		};
/* End PBXGroup section */

/* Begin PBXHeadersBuildPhase section */
		1DEE1EB41991520E0022B289 /* Headers */ = {
			isa = PBXHeadersBuildPhase;
			buildActionMask = 2147483647;
			files = (
				1DEE1EBE1991526B0022B289 /* keyzio_api.h in Headers */,
			);
			runOnlyForDeploymentPostprocessing = 0;
		};
/* End PBXHeadersBuildPhase section */

/* Begin PBXNativeTarget section */
		1DEE1EB51991520E0022B289 /* keyziolib */ = {
			isa = PBXNativeTarget;
			buildConfigurationList = 1DEE1EBA1991520E0022B289 /* Build configuration list for PBXNativeTarget "keyziolib" */;
			buildPhases = (
				1DEE1EB21991520E0022B289 /* Sources */,
				1DEE1EB31991520E0022B289 /* Frameworks */,
				1DEE1EB41991520E0022B289 /* Headers */,
			);
			buildRules = (
			);
			dependencies = (
			);
			name = keyziolib;
			productName = keyziolib;
			productReference = 1DEE1EB61991520E0022B289 /* libkeyziolib.dylib */;
			productType = "com.apple.product-type.library.dynamic";
		};
/* End PBXNativeTarget section */

/* Begin PBXProject section */
		1DEE1EAE1991520E0022B289 /* Project object */ = {
			isa = PBXProject;
			attributes = {
				LastUpgradeCheck = 0510;
				ORGANIZATIONNAME = "SafeNet Labs";
			};
			buildConfigurationList = 1DEE1EB11991520E0022B289 /* Build configuration list for PBXProject "keyziolib" */;
			compatibilityVersion = "Xcode 3.2";
			developmentRegion = English;
			hasScannedForEncodings = 0;
			knownRegions = (
				en,
			);
			mainGroup = 1DEE1EAD1991520E0022B289;
			productRefGroup = 1DEE1EB71991520E0022B289 /* Products */;
			projectDirPath = "";
			projectRoot = "";
			targets = (
				1DEE1EB51991520E0022B289 /* keyziolib */,
			);
		};
/* End PBXProject section */

/* Begin PBXSourcesBuildPhase section */
		1DEE1EB21991520E0022B289 /* Sources */ = {
			isa = PBXSourcesBuildPhase;
			buildActionMask = 2147483647;
			files = (
				1DEE1EC0199152800022B289 /* keyzio_api.c in Sources */,
			);
			runOnlyForDeploymentPostprocessing = 0;
		};
/* End PBXSourcesBuildPhase section */

/* Begin XCBuildConfiguration section */
		1DEE1EB81991520E0022B289 /* Debug */ = {
			isa = XCBuildConfiguration;
			buildSettings = {
				ALWAYS_SEARCH_USER_PATHS = NO;
				CLANG_CXX_LANGUAGE_STANDARD = "gnu++0x";
				CLANG_CXX_LIBRARY = "libc++";
				CLANG_ENABLE_MODULES = YES;
				CLANG_ENABLE_OBJC_ARC = YES;
				CLANG_WARN_BOOL_CONVERSION = YES;
				CLANG_WARN_CONSTANT_CONVERSION = YES;
				CLANG_WARN_DIRECT_OBJC_ISA_USAGE = YES_ERROR;
				CLANG_WARN_EMPTY_BODY = YES;
				CLANG_WARN_ENUM_CONVERSION = YES;
				CLANG_WARN_INT_CONVERSION = YES;
				CLANG_WARN_OBJC_ROOT_CLASS = YES_ERROR;
				CLANG_WARN__DUPLICATE_METHOD_MATCH = YES;
				COPY_PHASE_STRIP = NO;
				GCC_C_LANGUAGE_STANDARD = gnu99;
				GCC_DYNAMIC_NO_PIC = NO;
				GCC_ENABLE_OBJC_EXCEPTIONS = YES;
				GCC_OPTIMIZATION_LEVEL = 0;
				GCC_PREPROCESSOR_DEFINITIONS = (
					"DEBUG=1",
					"$(inherited)",
				);
				GCC_SYMBOLS_PRIVATE_EXTERN = NO;
				GCC_WARN_64_TO_32_BIT_CONVERSION = YES;
				GCC_WARN_ABOUT_RETURN_TYPE = YES_ERROR;
				GCC_WARN_UNDECLARED_SELECTOR = YES;
				GCC_WARN_UNINITIALIZED_AUTOS = YES_AGGRESSIVE;
				GCC_WARN_UNUSED_FUNCTION = YES;
				GCC_WARN_UNUSED_VARIABLE = YES;
				MACOSX_DEPLOYMENT_TARGET = 10.9;
				ONLY_ACTIVE_ARCH = YES;
				SDKROOT = macosx;
			};
			name = Debug;
		};
		1DEE1EB91991520E0022B289 /* Release */ = {
			isa = XCBuildConfiguration;
			buildSettings = {
				ALWAYS_SEARCH_USER_PATHS = NO;
				CLANG_CXX_LANGUAGE_STANDARD = "gnu++0x";
				CLANG_CXX_LIBRARY = "libc++";
				CLANG_ENABLE_MODULES = YES;
				CLANG_ENABLE_OBJC_ARC = YES;
				CLANG_WARN_BOOL_CONVERSION = YES;
				CLANG_WARN_CONSTANT_CONVERSION = YES;
				CLANG_WARN_DIRECT_OBJC_ISA_USAGE = YES_ERROR;
				CLANG_WARN_EMPTY_BODY = YES;
				CLANG_WARN_ENUM_CONVERSION = YES;
				CLANG_WARN_INT_CONVERSION = YES;
				CLANG_WARN_OBJC_ROOT_CLASS = YES_ERROR;
				CLANG_WARN__DUPLICATE_METHOD_MATCH = YES;
				COPY_PHASE_STRIP = YES;
				DEBUG_INFORMATION_FORMAT = "dwarf-with-dsym";
				ENABLE_NS_ASSERTIONS = NO;
				GCC_C_LANGUAGE_STANDARD = gnu99;
				GCC_ENABLE_OBJC_EXCEPTIONS = YES;
				GCC_WARN_64_TO_32_BIT_CONVERSION = YES;
				GCC_WARN_ABOUT_RETURN_TYPE = YES_ERROR;
				GCC_WARN_UNDECLARED_SELECTOR = YES;
				GCC_WARN_UNINITIALIZED_AUTOS = YES_AGGRESSIVE;
				GCC_WARN_UNUSED_FUNCTION = YES;
				GCC_WARN_UNUSED_VARIABLE = YES;
				MACOSX_DEPLOYMENT_TARGET = 10.9;
				SDKROOT = macosx;
			};
			name = Release;
		};
		1DEE1EBB1991520E0022B289 /* Debug */ = {
			isa = XCBuildConfiguration;
			buildSettings = {
				EXECUTABLE_PREFIX = lib;
				PRODUCT_NAME = "$(TARGET_NAME)";
			};
			name = Debug;
		};
		1DEE1EBC1991520E0022B289 /* Release */ = {
			isa = XCBuildConfiguration;
			buildSettings = {
				EXECUTABLE_PREFIX = lib;
				PRODUCT_NAME = "$(TARGET_NAME)";
			};
			name = Release;
		};
/* End XCBuildConfiguration section */

/* Begin XCConfigurationList section */
		1DEE1EB11991520E0022B289 /* Build configuration list for PBXProject "keyziolib" */ = {
			isa = XCConfigurationList;
			buildConfigurations = (
				1DEE1EB81991520E0022B289 /* Debug */,
				1DEE1EB91991520E0022B289 /* Release */,
			);
			defaultConfigurationIsVisible = 0;
			defaultConfigurationName = Release;
		};
		1DEE1EBA1991520E0022B289 /* Build configuration list for PBXNativeTarget "keyziolib" */ = {
			isa = XCConfigurationList;
			buildConfigurations = (
				1DEE1EBB1991520E0022B289 /* Debug */,
				1DEE1EBC1991520E0022B289 /* Release */,
			);
			defaultConfigurationIsVisible = 0;
		};
/* End XCConfigurationList section */
	};
	rootObject = 1DEE1EAE1991520E0022B289 /* Project object */;
}
